
Microsoft Visual Studio Solution File, Format Version 12.00
# Visual Studio 15
VisualStudioVersion = 15.0.28307.1169
MinimumVisualStudioVersion = 10.0.40219.1
Project("{FAE04EC0-301F-11D3-BF4B-00C04F79EFBC}") = "Laborator_A2_2_WEB", "Laborator_A2_2_WEB\Laborator_A2_2_WEB.csproj", "{9EC52EEF-0A17-4730-8EAA-E47B88765317}"
EndProject
Global
	GlobalSection(SolutionConfigurationPlatforms) = preSolution
		Debug|Any CPU = Debug|Any CPU
		Release|Any CPU = Release|Any CPU
	EndGlobalSection
	GlobalSection(ProjectConfigurationPlatforms) = postSolution
		{9EC52EEF-0A17-4730-8EAA-E47B88765317}.Debug|Any CPU.ActiveCfg = Debug|Any CPU
		{9EC52EEF-0A17-4730-8EAA-E47B88765317}.Debug|Any CPU.Build.0 = Debug|Any CPU
		{9EC52EEF-0A17-4730-8EAA-E47B88765317}.Release|Any CPU.ActiveCfg = Release|Any CPU
		{9EC52EEF-0A17-4730-8EAA-E47B88765317}.Release|Any CPU.Build.0 = Release|Any CPU
	EndGlobalSection
	GlobalSection(SolutionProperties) = preSolution
		HideSolutionNode = FALSE
	EndGlobalSection
	GlobalSection(ExtensibilityGlobals) = postSolution
		SolutionGuid = {7207A247-691B-43BA-9D45-ACA774F4838C}
	EndGlobalSection
EndGlobal
